// !$*UTF8*$!
{
	archiveVersion = 1;
	classes = {
	};
	objectVersion = 46;
	objects = {

/* Begin PBXBuildFile section */
		21A1480C13EDEF5C00484A43 /* Foundation.framework in Frameworks */ = {isa = PBXBuildFile; fileRef = 21A1480B13EDEF5C00484A43 /* Foundation.framework */; };
		21A1480F13EDEF5C00484A43 /* main.m in Sources */ = {isa = PBXBuildFile; fileRef = 21A1480E13EDEF5C00484A43 /* main.m */; };
		21A1481313EDEF5C00484A43 /* Unlock.1 in CopyFiles */ = {isa = PBXBuildFile; fileRef = 21A1481213EDEF5C00484A43 /* Unlock.1 */; };
/* End PBXBuildFile section */

/* Begin PBXCopyFilesBuildPhase section */
		21A1480513EDEF5C00484A43 /* CopyFiles */ = {
			isa = PBXCopyFilesBuildPhase;
			buildActionMask = 2147483647;
			dstPath = /usr/share/man/man1/;
			dstSubfolderSpec = 0;
			files = (
				21A1481313EDEF5C00484A43 /* Unlock.1 in CopyFiles */,
			);
			runOnlyForDeploymentPostprocessing = 1;
		};
/* End PBXCopyFilesBuildPhase section */

/* Begin PBXFileReference section */
		21A1480713EDEF5C00484A43 /* Unlock */ = {isa = PBXFileReference; explicitFileType = "compiled.mach-o.executable"; includeInIndex = 0; path = Unlock; sourceTree = BUILT_PRODUCTS_DIR; };
		21A1480B13EDEF5C00484A43 /* Foundation.framework */ = {isa = PBXFileReference; lastKnownFileType = wrapper.framework; name = Foundation.framework; path = System/Library/Frameworks/Foundation.framework; sourceTree = SDKROOT; };
		21A1480E13EDEF5C00484A43 /* main.m */ = {isa = PBXFileReference; lastKnownFileType = sourcecode.c.objc; path = main.m; sourceTree = "<group>"; };
		21A1481113EDEF5C00484A43 /* Unlock-Prefix.pch */ = {isa = PBXFileReference; path = "Unlock-Prefix.pch"; sourceTree = "<group>"; };
		21A1481213EDEF5C00484A43 /* Unlock.1 */ = {isa = PBXFileReference; lastKnownFileType = text.man; path = Unlock.1; sourceTree = "<group>"; };
/* End PBXFileReference section */

/* Begin PBXFrameworksBuildPhase section */
		21A1480413EDEF5C00484A43 /* Frameworks */ = {
			isa = PBXFrameworksBuildPhase;
			buildActionMask = 2147483647;
			files = (
				21A1480C13EDEF5C00484A43 /* Foundation.framework in Frameworks */,
			);
			runOnlyForDeploymentPostprocessing = 0;
		};
/* End PBXFrameworksBuildPhase section */

/* Begin PBXGroup section */
		21A147FC13EDEF5C00484A43 = {
			isa = PBXGroup;
			children = (
				21A1480D13EDEF5C00484A43 /* Unlock */,
				21A1480A13EDEF5C00484A43 /* Frameworks */,
				21A1480813EDEF5C00484A43 /* Products */,
			);
			sourceTree = "<group>";
		};
		21A1480813EDEF5C00484A43 /* Products */ = {
			isa = PBXGroup;
			children = (
				21A1480713EDEF5C00484A43 /* Unlock */,
			);
			name = Products;
			sourceTree = "<group>";
		};
		21A1480A13EDEF5C00484A43 /* Frameworks */ = {
			isa = PBXGroup;
			children = (
				21A1480B13EDEF5C00484A43 /* Foundation.framework */,
			);
			name = Frameworks;
			sourceTree = "<group>";
		};
		21A1480D13EDEF5C00484A43 /* Unlock */ = {
			isa = PBXGroup;
			children = (
				21A1480E13EDEF5C00484A43 /* main.m */,
				21A1481213EDEF5C00484A43 /* Unlock.1 */,
				21A1481013EDEF5C00484A43 /* Supporting Files */,
			);
			path = Unlock;
			sourceTree = "<group>";
		};
		21A1481013EDEF5C00484A43 /* Supporting Files */ = {
			isa = PBXGroup;
			children = (
				21A1481113EDEF5C00484A43 /* Unlock-Prefix.pch */,
			);
			name = "Supporting Files";
			sourceTree = "<group>";
		};
/* End PBXGroup section */

/* Begin PBXNativeTarget section */
		21A1480613EDEF5C00484A43 /* Unlock */ = {
			isa = PBXNativeTarget;
			buildConfigurationList = 21A1481613EDEF5C00484A43 /* Build configuration list for PBXNativeTarget "Unlock" */;
			buildPhases = (
				21A1480313EDEF5C00484A43 /* Sources */,
				21A1480413EDEF5C00484A43 /* Frameworks */,
				21A1480513EDEF5C00484A43 /* CopyFiles */,
			);
			buildRules = (
			);
			dependencies = (
			);
			name = Unlock;
			productName = Unlock;
			productReference = 21A1480713EDEF5C00484A43 /* Unlock */;
			productType = "com.apple.product-type.tool";
		};
/* End PBXNativeTarget section */

/* Begin PBXProject section */
		21A147FE13EDEF5C00484A43 /* Project object */ = {
			isa = PBXProject;
			buildConfigurationList = 21A1480113EDEF5C00484A43 /* Build configuration list for PBXProject "Unlock" */;
			compatibilityVersion = "Xcode 3.2";
			developmentRegion = English;
			hasScannedForEncodings = 0;
			knownRegions = (
				en,
			);
			mainGroup = 21A147FC13EDEF5C00484A43;
			productRefGroup = 21A1480813EDEF5C00484A43 /* Products */;
			projectDirPath = "";
			projectRoot = "";
			targets = (
				21A1480613EDEF5C00484A43 /* Unlock */,
			);
		};
/* End PBXProject section */

/* Begin PBXSourcesBuildPhase section */
		21A1480313EDEF5C00484A43 /* Sources */ = {
			isa = PBXSourcesBuildPhase;
			buildActionMask = 2147483647;
			files = (
				21A1480F13EDEF5C00484A43 /* main.m in Sources */,
			);
			runOnlyForDeploymentPostprocessing = 0;
		};
/* End PBXSourcesBuildPhase section */

/* Begin XCBuildConfiguration section */
		21A1481413EDEF5C00484A43 /* Debug */ = {
			isa = XCBuildConfiguration;
			buildSettings = {
				ALWAYS_SEARCH_USER_PATHS = NO;
				ARCHS = "$(ARCHS_STANDARD_64_BIT)";
				COPY_PHASE_STRIP = NO;
				GCC_C_LANGUAGE_STANDARD = gnu99;
				GCC_DYNAMIC_NO_PIC = NO;
				GCC_ENABLE_OBJC_EXCEPTIONS = YES;
				GCC_OPTIMIZATION_LEVEL = 0;
				GCC_PREPROCESSOR_DEFINITIONS = (
					"DEBUG=1",
					"$(inherited)",
				);
				GCC_SYMBOLS_PRIVATE_EXTERN = NO;
				GCC_VERSION = com.apple.compilers.llvm.clang.1_0;
				GCC_WARN_64_TO_32_BIT_CONVERSION = YES;
				GCC_WARN_ABOUT_MISSING_PROTOTYPES = YES;
				GCC_WARN_ABOUT_RETURN_TYPE = YES;
				GCC_WARN_UNUSED_VARIABLE = YES;
				MACOSX_DEPLOYMENT_TARGET = 10.7;
				ONLY_ACTIVE_ARCH = YES;
				SDKROOT = macosx;
			};
			name = Debug;
		};
		21A1481513EDEF5C00484A43 /* Release */ = {
			isa = XCBuildConfiguration;
			buildSettings = {
				ALWAYS_SEARCH_USER_PATHS = NO;
				ARCHS = "$(ARCHS_STANDARD_64_BIT)";
				COPY_PHASE_STRIP = YES;
				DEBUG_INFORMATION_FORMAT = "dwarf-with-dsym";
				GCC_C_LANGUAGE_STANDARD = gnu99;
				GCC_ENABLE_OBJC_EXCEPTIONS = YES;
				GCC_VERSION = com.apple.compilers.llvm.clang.1_0;
				GCC_WARN_64_TO_32_BIT_CONVERSION = YES;
				GCC_WARN_ABOUT_MISSING_PROTOTYPES = YES;
				GCC_WARN_ABOUT_RETURN_TYPE = YES;
				GCC_WARN_UNUSED_VARIABLE = YES;
				MACOSX_DEPLOYMENT_TARGET = 10.7;
				SDKROOT = macosx;
			};
			name = Release;
		};
		21A1481713EDEF5C00484A43 /* Debug */ = {
			isa = XCBuildConfiguration;
			buildSettings = {
				GCC_PRECOMPILE_PREFIX_HEADER = YES;
				GCC_PREFIX_HEADER = "Unlock/Unlock-Prefix.pch";
				PRODUCT_NAME = "$(TARGET_NAME)";
			};
			name = Debug;
		};
		21A1481813EDEF5C00484A43 /* Release */ = {
			isa = XCBuildConfiguration;
			buildSettings = {
				GCC_PRECOMPILE_PREFIX_HEADER = YES;
				GCC_PREFIX_HEADER = "Unlock/Unlock-Prefix.pch";
				PRODUCT_NAME = "$(TARGET_NAME)";
			};
			name = Release;
		};
/* End XCBuildConfiguration section */

/* Begin XCConfigurationList section */
		21A1480113EDEF5C00484A43 /* Build configuration list for PBXProject "Unlock" */ = {
			isa = XCConfigurationList;
			buildConfigurations = (
				21A1481413EDEF5C00484A43 /* Debug */,
				21A1481513EDEF5C00484A43 /* Release */,
			);
			defaultConfigurationIsVisible = 0;
			defaultConfigurationName = Release;
		};
		21A1481613EDEF5C00484A43 /* Build configuration list for PBXNativeTarget "Unlock" */ = {
			isa = XCConfigurationList;
			buildConfigurations = (
				21A1481713EDEF5C00484A43 /* Debug */,
				21A1481813EDEF5C00484A43 /* Release */,
			);
			defaultConfigurationIsVisible = 0;
		};
/* End XCConfigurationList section */
	};
	rootObject = 21A147FE13EDEF5C00484A43 /* Project object */;
}
